
Microsoft Visual Studio Solution File, Format Version 12.00
# Visual Studio 15
VisualStudioVersion = 15.0.27004.2006
MinimumVisualStudioVersion = 10.0.40219.1
Project("{9A19103F-16F7-4668-BE54-9A1E7A4F7556}") = "DOT_cardGames_2017", "DOT_cardGames_2017\DOT_cardGames_2017.csproj", "{AF81FCF5-8BC5-4D3C-AD93-0971D80E6EC9}"
EndProject
Project("{9A19103F-16F7-4668-BE54-9A1E7A4F7556}") = "server", "server\server.csproj", "{6895C448-374C-4DC9-A6C4-0756398D4614}"
EndProject
Project("{9A19103F-16F7-4668-BE54-9A1E7A4F7556}") = "client", "client\client.csproj", "{F99BBB93-9949-4BDC-B365-E160763DD3C1}"
EndProject
Project("{FAE04EC0-301F-11D3-BF4B-00C04F79EFBC}") = "ClientUnitTest", "ClientUnitTest\ClientUnitTest.csproj", "{6315B7F5-07ED-4023-A548-14DAA08F2E2C}"
EndProject
Global
	GlobalSection(SolutionConfigurationPlatforms) = preSolution
		Debug|Any CPU = Debug|Any CPU
		Release|Any CPU = Release|Any CPU
	EndGlobalSection
	GlobalSection(ProjectConfigurationPlatforms) = postSolution
		{AF81FCF5-8BC5-4D3C-AD93-0971D80E6EC9}.Debug|Any CPU.ActiveCfg = Debug|Any CPU
		{AF81FCF5-8BC5-4D3C-AD93-0971D80E6EC9}.Debug|Any CPU.Build.0 = Debug|Any CPU
		{AF81FCF5-8BC5-4D3C-AD93-0971D80E6EC9}.Release|Any CPU.ActiveCfg = Release|Any CPU
		{AF81FCF5-8BC5-4D3C-AD93-0971D80E6EC9}.Release|Any CPU.Build.0 = Release|Any CPU
		{6895C448-374C-4DC9-A6C4-0756398D4614}.Debug|Any CPU.ActiveCfg = Debug|Any CPU
		{6895C448-374C-4DC9-A6C4-0756398D4614}.Debug|Any CPU.Build.0 = Debug|Any CPU
		{6895C448-374C-4DC9-A6C4-0756398D4614}.Release|Any CPU.ActiveCfg = Release|Any CPU
		{6895C448-374C-4DC9-A6C4-0756398D4614}.Release|Any CPU.Build.0 = Release|Any CPU
		{F99BBB93-9949-4BDC-B365-E160763DD3C1}.Debug|Any CPU.ActiveCfg = Debug|Any CPU
		{F99BBB93-9949-4BDC-B365-E160763DD3C1}.Debug|Any CPU.Build.0 = Debug|Any CPU
		{F99BBB93-9949-4BDC-B365-E160763DD3C1}.Release|Any CPU.ActiveCfg = Release|Any CPU
		{F99BBB93-9949-4BDC-B365-E160763DD3C1}.Release|Any CPU.Build.0 = Release|Any CPU
		{6315B7F5-07ED-4023-A548-14DAA08F2E2C}.Debug|Any CPU.ActiveCfg = Debug|Any CPU
		{6315B7F5-07ED-4023-A548-14DAA08F2E2C}.Debug|Any CPU.Build.0 = Debug|Any CPU
		{6315B7F5-07ED-4023-A548-14DAA08F2E2C}.Release|Any CPU.ActiveCfg = Release|Any CPU
		{6315B7F5-07ED-4023-A548-14DAA08F2E2C}.Release|Any CPU.Build.0 = Release|Any CPU
	EndGlobalSection
	GlobalSection(SolutionProperties) = preSolution
		HideSolutionNode = FALSE
	EndGlobalSection
	GlobalSection(ExtensibilityGlobals) = postSolution
		SolutionGuid = {1E1E9013-787B-418A-8D5C-01B45CE73D43}
	EndGlobalSection
EndGlobal
